Microsoft Visual Studio Solution File, Format Version 12.00
# Visual Studio Version 17
VisualStudioVersion = 17.5.2.0
MinimumVisualStudioVersion = 10.0.40219.1
Project("{2150E333-8FDC-42A3-9474-1A3956D46DE8}") = "src", "src", "{827E0CD3-B72D-47B6-A68D-7590B98EB39B}"
EndProject
Project("{2150E333-8FDC-42A3-9474-1A3956D46DE8}") = "api", "api", "{81034408-37C8-1011-444E-4C15C2FADA8E}"
EndProject
Project("{FAE04EC0-301F-11D3-BF4B-00C04F79EFBC}") = "Function.Tests", "src\api\Function.Tests\Function.Tests.csproj", "{72219D9B-F8E5-926E-EF3F-35D2DE5554EB}"
EndProject
Project("{FAE04EC0-301F-11D3-BF4B-00C04F79EFBC}") = "api", "src\api\Function\api.csproj", "{C30F5F93-814D-2B8A-2979-3F5C65C9590D}"
EndProject
Project("{2150E333-8FDC-42A3-9474-1A3956D46DE8}") = "Function", "Function", "{A295E2CF-7039-0A0F-DD1B-BBE0D9A1A91C}"
EndProject
Project("{2150E333-8FDC-42A3-9474-1A3956D46DE8}") = "obj", "obj", "{A45A2BD4-D30B-5AB0-85D6-C2AD80835262}"
EndProject
Project("{2150E333-8FDC-42A3-9474-1A3956D46DE8}") = "Debug", "Debug", "{14795A33-2BEA-D629-2B26-FD16DD9F7613}"
EndProject
Project("{2150E333-8FDC-42A3-9474-1A3956D46DE8}") = "net8.0", "net8.0", "{C4E402A9-240E-6D5C-5CBD-8D264C0957F0}"
EndProject
Project("{FAE04EC0-301F-11D3-BF4B-00C04F79EFBC}") = "WorkerExtensions", "src\api\Function\obj\Debug\net8.0\WorkerExtensions\WorkerExtensions.csproj", "{6F410627-94C0-ED93-0F5F-ABB680F6F195}"
EndProject
Global
	GlobalSection(SolutionConfigurationPlatforms) = preSolution
		Debug|Any CPU = Debug|Any CPU
		Release|Any CPU = Release|Any CPU
	EndGlobalSection
	GlobalSection(ProjectConfigurationPlatforms) = postSolution
		{72219D9B-F8E5-926E-EF3F-35D2DE5554EB}.Debug|Any CPU.ActiveCfg = Debug|Any CPU
		{72219D9B-F8E5-926E-EF3F-35D2DE5554EB}.Debug|Any CPU.Build.0 = Debug|Any CPU
		{72219D9B-F8E5-926E-EF3F-35D2DE5554EB}.Release|Any CPU.ActiveCfg = Release|Any CPU
		{72219D9B-F8E5-926E-EF3F-35D2DE5554EB}.Release|Any CPU.Build.0 = Release|Any CPU
		{C30F5F93-814D-2B8A-2979-3F5C65C9590D}.Debug|Any CPU.ActiveCfg = Debug|Any CPU
		{C30F5F93-814D-2B8A-2979-3F5C65C9590D}.Debug|Any CPU.Build.0 = Debug|Any CPU
		{C30F5F93-814D-2B8A-2979-3F5C65C9590D}.Release|Any CPU.ActiveCfg = Release|Any CPU
		{C30F5F93-814D-2B8A-2979-3F5C65C9590D}.Release|Any CPU.Build.0 = Release|Any CPU
		{6F410627-94C0-ED93-0F5F-ABB680F6F195}.Debug|Any CPU.ActiveCfg = Debug|Any CPU
		{6F410627-94C0-ED93-0F5F-ABB680F6F195}.Debug|Any CPU.Build.0 = Debug|Any CPU
		{6F410627-94C0-ED93-0F5F-ABB680F6F195}.Release|Any CPU.ActiveCfg = Release|Any CPU
		{6F410627-94C0-ED93-0F5F-ABB680F6F195}.Release|Any CPU.Build.0 = Release|Any CPU
	EndGlobalSection
	GlobalSection(SolutionProperties) = preSolution
		HideSolutionNode = FALSE
	EndGlobalSection
	GlobalSection(NestedProjects) = preSolution
		{81034408-37C8-1011-444E-4C15C2FADA8E} = {827E0CD3-B72D-47B6-A68D-7590B98EB39B}
		{72219D9B-F8E5-926E-EF3F-35D2DE5554EB} = {81034408-37C8-1011-444E-4C15C2FADA8E}
		{C30F5F93-814D-2B8A-2979-3F5C65C9590D} = {81034408-37C8-1011-444E-4C15C2FADA8E}
		{A295E2CF-7039-0A0F-DD1B-BBE0D9A1A91C} = {81034408-37C8-1011-444E-4C15C2FADA8E}
		{A45A2BD4-D30B-5AB0-85D6-C2AD80835262} = {A295E2CF-7039-0A0F-DD1B-BBE0D9A1A91C}
		{14795A33-2BEA-D629-2B26-FD16DD9F7613} = {A45A2BD4-D30B-5AB0-85D6-C2AD80835262}
		{C4E402A9-240E-6D5C-5CBD-8D264C0957F0} = {14795A33-2BEA-D629-2B26-FD16DD9F7613}
		{6F410627-94C0-ED93-0F5F-ABB680F6F195} = {C4E402A9-240E-6D5C-5CBD-8D264C0957F0}
	EndGlobalSection
	GlobalSection(ExtensibilityGlobals) = postSolution
		SolutionGuid = {1A59F325-EF56-4A22-AFA8-8B8D970F766D}
	EndGlobalSection
EndGlobal
